
Microsoft Visual Studio Solution File, Format Version 12.00
# Visual Studio Version 17
VisualStudioVersion = 17.13.35828.75 d17.13
MinimumVisualStudioVersion = 10.0.40219.1
Project("{FAE04EC0-301F-11D3-BF4B-00C04F79EFBC}") = "CursedChess", "CursedChess\CursedChess.csproj", "{65E0DD03-960A-47DB-9AC6-BA308C7D8A9F}"
EndProject
Global
	GlobalSection(SolutionConfigurationPlatforms) = preSolution
		Debug|Any CPU = Debug|Any CPU
		Release|Any CPU = Release|Any CPU
	EndGlobalSection
	GlobalSection(ProjectConfigurationPlatforms) = postSolution
		{65E0DD03-960A-47DB-9AC6-BA308C7D8A9F}.Debug|Any CPU.ActiveCfg = Debug|Any CPU
		{65E0DD03-960A-47DB-9AC6-BA308C7D8A9F}.Debug|Any CPU.Build.0 = Debug|Any CPU
		{65E0DD03-960A-47DB-9AC6-BA308C7D8A9F}.Release|Any CPU.ActiveCfg = Release|Any CPU
		{65E0DD03-960A-47DB-9AC6-BA308C7D8A9F}.Release|Any CPU.Build.0 = Release|Any CPU
	EndGlobalSection
	GlobalSection(SolutionProperties) = preSolution
		HideSolutionNode = FALSE
	EndGlobalSection
	GlobalSection(ExtensibilityGlobals) = postSolution
		SolutionGuid = {743859D7-D4B9-4A2A-BD3A-565C9BAC0C80}
	EndGlobalSection
EndGlobal
